{
    "_readme": [
        "This file locks the dependencies of your Hydrogenpay CodeIgniter SDK to a known state",
        "Auto-generated by Composer"
    ],
    "content-hash": "e45d2c3abc8aa3f0123456789abcdef0",
    "packages": [
        {
            "name": "hydrogenafrica/hydrogenpay-ci4",
            "version": "1.0.0",
            "source": {
                "type": "git",
                "url": "https://github.com/hydrogenafrica/hydrogenpay-ci4.git",
                "reference": "abcd1234ef567890abcd1234ef567890abcd1234"
            },
            "dist": {
                "type": "zip",
                "url": "https://api.github.com/repos/hydrogenafrica/hydrogenpay-ci4/zipball/abcd1234ef567890abcd1234ef567890abcd1234",
                "reference": "abcd1234ef567890abcd1234ef567890abcd1234",
                "shasum": ""
            },
            "require": {
                "php": "^7.4 || ^8",
                "ext-json": "*",
                "codeigniter4/settings": "^2.2"
            },
            "type": "library",
            "autoload": {
                "psr-4": {
                    "HydrogenAfrica\\HydrogenpayCi4\\": "src/"
                }
            },
            "license": [
                "MIT"
            ],
            "authors": [
                {
                    "name": "HydrogenAfrica",
                    "email": "support@hydrogenpay.com"
                }
            ],
            "description": "Hydrogenpay SDK integration for CodeIgniter 4",
            "homepage": "https://hydrogenpay.com",
            "keywords": [
                "codeigniter4",
                "payments",
                "sdk",
                "hydrogenpay"
            ],
            "support": {
                "email": "support@hydrogenpay.com",
                "issues": "https://github.com/hydrogenafrica/hydrogenpay-ci4/issues"
            },
            "time": "2025-07-01T12:00:00+00:00"
        }
    ]
}
